
Microsoft Visual Studio Solution File, Format Version 12.00
# Visual Studio Version 17
VisualStudioVersion = 17.10.35027.167
MinimumVisualStudioVersion = 10.0.40219.1
Project("{9A19103F-16F7-4668-BE54-9A1E7A4F7556}") = "OnlineStoreApp", "OnlineStoreApp\OnlineStoreApp.csproj", "{A17D7FCA-C555-4425-978E-36115A185BD1}"
EndProject
Project("{9A19103F-16F7-4668-BE54-9A1E7A4F7556}") = "OnlineStoreApp.Infrastructure", "OnlineStoreApp.Infrastructure\OnlineStoreApp.Infrastructure.csproj", "{C3ADD37B-9F68-4FF5-8F3F-322502DCD83D}"
EndProject
Project("{9A19103F-16F7-4668-BE54-9A1E7A4F7556}") = "OnlineStoreApp.Domain", "OnlineStoreApp.Domain\OnlineStoreApp.Domain.csproj", "{A2F1545F-C887-460D-BDFD-F0261AFB2AA7}"
EndProject
Project("{9A19103F-16F7-4668-BE54-9A1E7A4F7556}") = "OnlineStoreApp.Application", "OnlineStoreApp.Application\OnlineStoreApp.Application.csproj", "{79403D06-3EA5-46CB-BD9E-2132C6B31928}"
EndProject
Project("{FAE04EC0-301F-11D3-BF4B-00C04F79EFBC}") = "OnlineStoreApp.Test", "OnlineStoreApp.Test\OnlineStoreApp.Test.csproj", "{AD220469-1CF6-4F05-BD24-16200D3BDF43}"
EndProject
Global
	GlobalSection(SolutionConfigurationPlatforms) = preSolution
		Debug|Any CPU = Debug|Any CPU
		Release|Any CPU = Release|Any CPU
	EndGlobalSection
	GlobalSection(ProjectConfigurationPlatforms) = postSolution
		{A17D7FCA-C555-4425-978E-36115A185BD1}.Debug|Any CPU.ActiveCfg = Debug|Any CPU
		{A17D7FCA-C555-4425-978E-36115A185BD1}.Debug|Any CPU.Build.0 = Debug|Any CPU
		{A17D7FCA-C555-4425-978E-36115A185BD1}.Release|Any CPU.ActiveCfg = Release|Any CPU
		{A17D7FCA-C555-4425-978E-36115A185BD1}.Release|Any CPU.Build.0 = Release|Any CPU
		{C3ADD37B-9F68-4FF5-8F3F-322502DCD83D}.Debug|Any CPU.ActiveCfg = Debug|Any CPU
		{C3ADD37B-9F68-4FF5-8F3F-322502DCD83D}.Debug|Any CPU.Build.0 = Debug|Any CPU
		{C3ADD37B-9F68-4FF5-8F3F-322502DCD83D}.Release|Any CPU.ActiveCfg = Release|Any CPU
		{C3ADD37B-9F68-4FF5-8F3F-322502DCD83D}.Release|Any CPU.Build.0 = Release|Any CPU
		{A2F1545F-C887-460D-BDFD-F0261AFB2AA7}.Debug|Any CPU.ActiveCfg = Debug|Any CPU
		{A2F1545F-C887-460D-BDFD-F0261AFB2AA7}.Debug|Any CPU.Build.0 = Debug|Any CPU
		{A2F1545F-C887-460D-BDFD-F0261AFB2AA7}.Release|Any CPU.ActiveCfg = Release|Any CPU
		{A2F1545F-C887-460D-BDFD-F0261AFB2AA7}.Release|Any CPU.Build.0 = Release|Any CPU
		{79403D06-3EA5-46CB-BD9E-2132C6B31928}.Debug|Any CPU.ActiveCfg = Debug|Any CPU
		{79403D06-3EA5-46CB-BD9E-2132C6B31928}.Debug|Any CPU.Build.0 = Debug|Any CPU
		{79403D06-3EA5-46CB-BD9E-2132C6B31928}.Release|Any CPU.ActiveCfg = Release|Any CPU
		{79403D06-3EA5-46CB-BD9E-2132C6B31928}.Release|Any CPU.Build.0 = Release|Any CPU
		{AD220469-1CF6-4F05-BD24-16200D3BDF43}.Debug|Any CPU.ActiveCfg = Debug|Any CPU
		{AD220469-1CF6-4F05-BD24-16200D3BDF43}.Debug|Any CPU.Build.0 = Debug|Any CPU
		{AD220469-1CF6-4F05-BD24-16200D3BDF43}.Release|Any CPU.ActiveCfg = Release|Any CPU
		{AD220469-1CF6-4F05-BD24-16200D3BDF43}.Release|Any CPU.Build.0 = Release|Any CPU
	EndGlobalSection
	GlobalSection(SolutionProperties) = preSolution
		HideSolutionNode = FALSE
	EndGlobalSection
	GlobalSection(ExtensibilityGlobals) = postSolution
		SolutionGuid = {1FEF0F7B-07D0-46B0-8ABF-8396974CBFCF}
	EndGlobalSection
EndGlobal
